
Microsoft Visual Studio Solution File, Format Version 12.00
# Visual Studio Version 17
VisualStudioVersion = 17.5.002.0
MinimumVisualStudioVersion = 10.0.40219.1
Project("{2150E333-8FDC-42A3-9474-1A3956D46DE8}") = "CalendarBase", "CalendarBase", "{E191D175-99DB-40B7-A399-B91643BF9C00}"
EndProject
Project("{9A19103F-16F7-4668-BE54-9A1E7A4F7556}") = "CalendarBase", "CalendarBase\Files\CalendarBase.csproj", "{9982D2E0-B860-45E4-B380-193C51781BFA}"
EndProject
Project("{2150E333-8FDC-42A3-9474-1A3956D46DE8}") = "CrtBaseConsts", "CrtBaseConsts", "{70BF0835-1B35-47FB-9A78-19FD4F53DEA2}"
EndProject
Project("{9A19103F-16F7-4668-BE54-9A1E7A4F7556}") = "CrtBaseConsts", "CrtBaseConsts\Files\CrtBaseConsts.csproj", "{94880640-62F8-4407-A7F6-1E641448D247}"
EndProject
Project("{2150E333-8FDC-42A3-9474-1A3956D46DE8}") = "CrtCalendar", "CrtCalendar", "{4BB9DA3C-D618-4547-9AD1-C78AEF2F92D3}"
EndProject
Project("{9A19103F-16F7-4668-BE54-9A1E7A4F7556}") = "CrtCalendar", "CrtCalendar\Files\CrtCalendar.csproj", "{3B04739D-07F0-416A-809E-24EBC05E4700}"
EndProject
Project("{2150E333-8FDC-42A3-9474-1A3956D46DE8}") = "CrtCall", "CrtCall", "{D7C2AC9C-A465-4857-B405-FD97622EBFF3}"
EndProject
Project("{9A19103F-16F7-4668-BE54-9A1E7A4F7556}") = "CrtCall", "CrtCall\Files\CrtCall.csproj", "{47848FE6-445D-45ED-9E20-2068E99EE8DC}"
EndProject
Project("{2150E333-8FDC-42A3-9474-1A3956D46DE8}") = "CrtCopilot", "CrtCopilot", "{4FEFEC4A-12CA-49CA-B3F2-8A2C37C275F5}"
EndProject
Project("{9A19103F-16F7-4668-BE54-9A1E7A4F7556}") = "CrtCopilot", "CrtCopilot\Files\CrtCopilot.csproj", "{81101BEF-19E1-4001-B3F5-8D126B7ED41E}"
EndProject
Project("{2150E333-8FDC-42A3-9474-1A3956D46DE8}") = "CrtCopilotIntentsStudio", "CrtCopilotIntentsStudio", "{F6F3E34C-F310-4B11-B03B-80C870EE9253}"
EndProject
Project("{9A19103F-16F7-4668-BE54-9A1E7A4F7556}") = "CrtCopilotIntentsStudio", "CrtCopilotIntentsStudio\Files\CrtCopilotIntentsStudio.csproj", "{DF5652D4-8BA9-45CD-9A1E-46D66FE382F9}"
EndProject
Project("{2150E333-8FDC-42A3-9474-1A3956D46DE8}") = "CrtCore", "CrtCore", "{AFD0AFBE-2C7A-4710-ACC9-18B7554B95D7}"
EndProject
Project("{9A19103F-16F7-4668-BE54-9A1E7A4F7556}") = "CrtCore", "CrtCore\Files\CrtCore.csproj", "{307FE2C9-F63D-45E3-9C39-365120D14662}"
EndProject
Project("{2150E333-8FDC-42A3-9474-1A3956D46DE8}") = "CrtCoreBase", "CrtCoreBase", "{A6656353-AA00-4D1C-BEB4-924B81F15C35}"
EndProject
Project("{9A19103F-16F7-4668-BE54-9A1E7A4F7556}") = "CrtCoreBase", "CrtCoreBase\Files\CrtCoreBase.csproj", "{314300F1-AA62-4AF1-9F1A-66A49DE54A85}"
EndProject
Project("{2150E333-8FDC-42A3-9474-1A3956D46DE8}") = "CrtEmailSender", "CrtEmailSender", "{BA059E0E-F3A1-4860-B71B-1461421D2EA5}"
EndProject
Project("{9A19103F-16F7-4668-BE54-9A1E7A4F7556}") = "CrtEmailSender", "CrtEmailSender\Files\CrtEmailSender.csproj", "{247A2158-4B9B-44B9-8DB4-DE3850A1D993}"
EndProject
Project("{2150E333-8FDC-42A3-9474-1A3956D46DE8}") = "CrtEmailTemplate", "CrtEmailTemplate", "{329F52BB-2242-42C6-AF68-95916FACBA1D}"
EndProject
Project("{9A19103F-16F7-4668-BE54-9A1E7A4F7556}") = "CrtEmailTemplate", "CrtEmailTemplate\Files\CrtEmailTemplate.csproj", "{53002B6E-90F9-4F21-87BD-4E20930C202F}"
EndProject
Project("{2150E333-8FDC-42A3-9474-1A3956D46DE8}") = "CrtFeatureToggling", "CrtFeatureToggling", "{DE061AFE-3B5E-444E-B063-71C7F4C142D1}"
EndProject
Project("{9A19103F-16F7-4668-BE54-9A1E7A4F7556}") = "CrtFeatureToggling", "CrtFeatureToggling\Files\CrtFeatureToggling.csproj", "{B840F0E1-7535-4640-A3DE-4604F1799D55}"
EndProject
Project("{2150E333-8FDC-42A3-9474-1A3956D46DE8}") = "CrtMacrosBase", "CrtMacrosBase", "{0F66D001-EAEE-4B46-8F70-202C89C28152}"
EndProject
Project("{9A19103F-16F7-4668-BE54-9A1E7A4F7556}") = "CrtMacrosBase", "CrtMacrosBase\Files\CrtMacrosBase.csproj", "{B821AB59-2CB2-447F-8F3A-0B68FAA0A0F3}"
EndProject
Project("{2150E333-8FDC-42A3-9474-1A3956D46DE8}") = "CrtMessage", "CrtMessage", "{53861D8C-6AA0-4EE6-A948-52DE4D6BB2EB}"
EndProject
Project("{9A19103F-16F7-4668-BE54-9A1E7A4F7556}") = "CrtMessage", "CrtMessage\Files\CrtMessage.csproj", "{582438CD-6C83-45EF-9F8F-896AA18922B3}"
EndProject
Project("{2150E333-8FDC-42A3-9474-1A3956D46DE8}") = "CrtML", "CrtML", "{1A1FB21B-1DBE-4C2B-BF1F-ED27A2220649}"
EndProject
Project("{9A19103F-16F7-4668-BE54-9A1E7A4F7556}") = "CrtML", "CrtML\Files\CrtML.csproj", "{4FA510D8-E934-4637-AC66-A6EA55976888}"
EndProject
Project("{2150E333-8FDC-42A3-9474-1A3956D46DE8}") = "CrtMLangContent", "CrtMLangContent", "{6EF400EC-B052-40B2-A05E-A1B22E583735}"
EndProject
Project("{9A19103F-16F7-4668-BE54-9A1E7A4F7556}") = "CrtMLangContent", "CrtMLangContent\Files\CrtMLangContent.csproj", "{95BB37CC-9F05-4FE7-8E1A-891F677389BD}"
EndProject
Project("{2150E333-8FDC-42A3-9474-1A3956D46DE8}") = "CrtMobileFreedomUIStylesFor7x", "CrtMobileFreedomUIStylesFor7x", "{370D9489-2EE3-4FDE-946E-28D14E7ECA13}"
EndProject
Project("{9A19103F-16F7-4668-BE54-9A1E7A4F7556}") = "CrtMobileFreedomUIStylesFor7x", "CrtMobileFreedomUIStylesFor7x\Files\CrtMobileFreedomUIStylesFor7x.csproj", "{E0364779-8D97-4090-8911-6BF1C5584F44}"
EndProject
Project("{2150E333-8FDC-42A3-9474-1A3956D46DE8}") = "CrtNextStep", "CrtNextStep", "{A4B20FC8-CED7-4191-9FFC-E3F3AA514924}"
EndProject
Project("{9A19103F-16F7-4668-BE54-9A1E7A4F7556}") = "CrtNextStep", "CrtNextStep\Files\CrtNextStep.csproj", "{10B2B10E-AEA8-4AF1-9646-BCD1DD98A2E8}"
EndProject
Project("{2150E333-8FDC-42A3-9474-1A3956D46DE8}") = "CrtOmnichannelApp", "CrtOmnichannelApp", "{0E53281D-EEB1-4616-BF4D-7F39361C15BA}"
EndProject
Project("{9A19103F-16F7-4668-BE54-9A1E7A4F7556}") = "CrtOmnichannelApp", "CrtOmnichannelApp\Files\CrtOmnichannelApp.csproj", "{B1BC4B87-029A-4F08-9E7A-46290700722E}"
EndProject
Project("{2150E333-8FDC-42A3-9474-1A3956D46DE8}") = "CrtProductivityApp", "CrtProductivityApp", "{7020EACD-1D25-46FF-B161-A296522CF5D3}"
EndProject
Project("{9A19103F-16F7-4668-BE54-9A1E7A4F7556}") = "CrtProductivityApp", "CrtProductivityApp\Files\CrtProductivityApp.csproj", "{A362200E-4857-452A-9310-17C5455BE55F}"
EndProject
Project("{2150E333-8FDC-42A3-9474-1A3956D46DE8}") = "CrtProductivityCopilot", "CrtProductivityCopilot", "{BC4221C4-D814-4E19-B453-B4C23DEB9D06}"
EndProject
Project("{9A19103F-16F7-4668-BE54-9A1E7A4F7556}") = "CrtProductivityCopilot", "CrtProductivityCopilot\Files\CrtProductivityCopilot.csproj", "{5B428C6A-E12F-412C-8149-1C7FE074C028}"
EndProject
Project("{2150E333-8FDC-42A3-9474-1A3956D46DE8}") = "CrtProductivityMobile", "CrtProductivityMobile", "{4603E184-FB8B-4E55-AD59-D79AA455F6D4}"
EndProject
Project("{9A19103F-16F7-4668-BE54-9A1E7A4F7556}") = "CrtProductivityMobile", "CrtProductivityMobile\Files\CrtProductivityMobile.csproj", "{7DE074CB-83E7-441D-9C1F-D0C175515A92}"
EndProject
Project("{2150E333-8FDC-42A3-9474-1A3956D46DE8}") = "CrtSecurity", "CrtSecurity", "{0BABCFA6-5379-41DE-9377-E4C500495170}"
EndProject
Project("{9A19103F-16F7-4668-BE54-9A1E7A4F7556}") = "CrtSecurity", "CrtSecurity\Files\CrtSecurity.csproj", "{5508D596-F16B-4444-A779-BD463D0D5B2C}"
EndProject
Project("{2150E333-8FDC-42A3-9474-1A3956D46DE8}") = "CrtSecurity7x", "CrtSecurity7x", "{08917B0C-4A0D-4E2F-BD89-56329F71CB69}"
EndProject
Project("{9A19103F-16F7-4668-BE54-9A1E7A4F7556}") = "CrtSecurity7x", "CrtSecurity7x\Files\CrtSecurity7x.csproj", "{3BA9AC60-857D-499B-B079-F760398BC2FF}"
EndProject
Project("{2150E333-8FDC-42A3-9474-1A3956D46DE8}") = "CrtSmsIntegration", "CrtSmsIntegration", "{12819150-5C24-4B0D-9E13-08D4B5C641A3}"
EndProject
Project("{9A19103F-16F7-4668-BE54-9A1E7A4F7556}") = "CrtSmsIntegration", "CrtSmsIntegration\Files\CrtSmsIntegration.csproj", "{276EEC45-D8E2-41EE-A2C0-8A99DAD67990}"
EndProject
Project("{2150E333-8FDC-42A3-9474-1A3956D46DE8}") = "CrtSpecification", "CrtSpecification", "{51232592-0A42-4C85-BA99-3F7DE5C49B30}"
EndProject
Project("{9A19103F-16F7-4668-BE54-9A1E7A4F7556}") = "CrtSpecification", "CrtSpecification\Files\CrtSpecification.csproj", "{93D3E33A-1BDE-4A87-8603-AD1209F44805}"
EndProject
Project("{2150E333-8FDC-42A3-9474-1A3956D46DE8}") = "CrtStudioCopilot", "CrtStudioCopilot", "{4F690106-7EB8-46EB-8552-1D10EA2E7AD7}"
EndProject
Project("{9A19103F-16F7-4668-BE54-9A1E7A4F7556}") = "CrtStudioCopilot", "CrtStudioCopilot\Files\CrtStudioCopilot.csproj", "{39D36A14-28B4-43DD-A407-A1F99CB3421D}"
EndProject
Project("{2150E333-8FDC-42A3-9474-1A3956D46DE8}") = "CrtTechnicalUsers", "CrtTechnicalUsers", "{B87B71B2-3D51-4A14-8BDE-1987BC067F86}"
EndProject
Project("{9A19103F-16F7-4668-BE54-9A1E7A4F7556}") = "CrtTechnicalUsers", "CrtTechnicalUsers\Files\CrtTechnicalUsers.csproj", "{63E032C4-A7CA-4E23-80A4-1139A5543677}"
EndProject
Project("{2150E333-8FDC-42A3-9474-1A3956D46DE8}") = "CrtTouchPointBase", "CrtTouchPointBase", "{159C92E7-00C5-408F-B628-64099A4B3343}"
EndProject
Project("{9A19103F-16F7-4668-BE54-9A1E7A4F7556}") = "CrtTouchPointBase", "CrtTouchPointBase\Files\CrtTouchPointBase.csproj", "{D7360DBB-F90B-47A9-881E-F50F30F2FB87}"
EndProject
Project("{2150E333-8FDC-42A3-9474-1A3956D46DE8}") = "CrtUIPlatform", "CrtUIPlatform", "{A437CD05-0CA5-42D7-A769-402F2806F90E}"
EndProject
Project("{9A19103F-16F7-4668-BE54-9A1E7A4F7556}") = "CrtUIPlatform", "CrtUIPlatform\Files\CrtUIPlatform.csproj", "{53DFD6F4-A670-40AC-B6C6-1D08C0F5FC1E}"
EndProject
Project("{2150E333-8FDC-42A3-9474-1A3956D46DE8}") = "CrtUIPlatform7x", "CrtUIPlatform7x", "{1602C530-1127-44BB-A591-93425D64EADA}"
EndProject
Project("{9A19103F-16F7-4668-BE54-9A1E7A4F7556}") = "CrtUIPlatform7x", "CrtUIPlatform7x\Files\CrtUIPlatform7x.csproj", "{D3098562-947E-4BD5-9CDD-CC0BB4BB3081}"
EndProject
Project("{2150E333-8FDC-42A3-9474-1A3956D46DE8}") = "CrtUISwitcher", "CrtUISwitcher", "{9DBA95C4-251C-467A-A3A4-DB0BB18F2DCF}"
EndProject
Project("{9A19103F-16F7-4668-BE54-9A1E7A4F7556}") = "CrtUISwitcher", "CrtUISwitcher\Files\CrtUISwitcher.csproj", "{430EC3D2-C236-4F5B-848C-9CE47F667EA4}"
EndProject
Project("{2150E333-8FDC-42A3-9474-1A3956D46DE8}") = "CrtWebFormBase", "CrtWebFormBase", "{581A323D-39A8-4C64-AA68-4DEE82365021}"
EndProject
Project("{9A19103F-16F7-4668-BE54-9A1E7A4F7556}") = "CrtWebFormBase", "CrtWebFormBase\Files\CrtWebFormBase.csproj", "{6CF43962-0D69-448D-914F-874FA2E2D8E4}"
EndProject
Project("{2150E333-8FDC-42A3-9474-1A3956D46DE8}") = "CrtWebhookServiceBase", "CrtWebhookServiceBase", "{BF6E12EC-7B6C-430D-ADF5-2AD78A31A214}"
EndProject
Project("{9A19103F-16F7-4668-BE54-9A1E7A4F7556}") = "CrtWebhookServiceBase", "CrtWebhookServiceBase\Files\CrtWebhookServiceBase.csproj", "{DF0150ED-526F-4D21-94CF-939C3262F28D}"
EndProject
Project("{2150E333-8FDC-42A3-9474-1A3956D46DE8}") = "CSP", "CSP", "{AEEC5994-F284-4E85-937F-9D8A7F3428C8}"
EndProject
Project("{9A19103F-16F7-4668-BE54-9A1E7A4F7556}") = "CSP", "CSP\Files\CSP.csproj", "{7478C76A-7A3B-4D3B-97E2-7BA65C510036}"
EndProject
Project("{2150E333-8FDC-42A3-9474-1A3956D46DE8}") = "DevClassic", "DevClassic", "{645ABA73-AFB5-41A1-A372-30DABD76B4D9}"
EndProject
Project("{9A19103F-16F7-4668-BE54-9A1E7A4F7556}") = "DevClassic", "DevClassic\Files\DevClassic.csproj", "{F44C4B1A-FFC7-4B85-899D-4F7825878A7C}"
EndProject
Project("{2150E333-8FDC-42A3-9474-1A3956D46DE8}") = "FeatureToggling", "FeatureToggling", "{00CAD125-9A7A-4869-87B3-F00361646C88}"
EndProject
Project("{9A19103F-16F7-4668-BE54-9A1E7A4F7556}") = "FeatureToggling", "FeatureToggling\Files\FeatureToggling.csproj", "{50D0A4DA-4538-41CE-A30B-2D65A919C3AB}"
EndProject
Project("{2150E333-8FDC-42A3-9474-1A3956D46DE8}") = "Finesse", "Finesse", "{B8D6C860-A168-4ADA-AE32-8B62CBEE5472}"
EndProject
Project("{9A19103F-16F7-4668-BE54-9A1E7A4F7556}") = "Finesse", "Finesse\Files\Finesse.csproj", "{568AFA84-9EE3-4F93-9415-B60341DF9002}"
EndProject
Project("{2150E333-8FDC-42A3-9474-1A3956D46DE8}") = "MLProcessDesigner", "MLProcessDesigner", "{6BEABA1E-664C-411E-AE3B-B8F71D0FD0B4}"
EndProject
Project("{9A19103F-16F7-4668-BE54-9A1E7A4F7556}") = "MLProcessDesigner", "MLProcessDesigner\Files\MLProcessDesigner.csproj", "{EE23C60D-6C3F-4CE1-A598-3B4689212D9F}"
EndProject
Project("{2150E333-8FDC-42A3-9474-1A3956D46DE8}") = "OpenIdAuth", "OpenIdAuth", "{D32FB567-E022-409F-8F96-D14991D97C91}"
EndProject
Project("{9A19103F-16F7-4668-BE54-9A1E7A4F7556}") = "OpenIdAuth", "OpenIdAuth\Files\OpenIdAuth.csproj", "{3F916F6B-CEAE-4087-8416-A1ED992106E9}"
EndProject
Project("{2150E333-8FDC-42A3-9474-1A3956D46DE8}") = "SsoSettings", "SsoSettings", "{09FC1281-7453-4C68-9B08-F3A170E37937}"
EndProject
Project("{9A19103F-16F7-4668-BE54-9A1E7A4F7556}") = "SsoSettings", "SsoSettings\Files\SsoSettings.csproj", "{22FD9346-00AD-440F-B8FC-B1E2D6719502}"
EndProject
Project("{2150E333-8FDC-42A3-9474-1A3956D46DE8}") = "XSSProtection", "XSSProtection", "{B71B724C-48D4-4C2F-991C-1BC2D59AD2F4}"
EndProject
Project("{9A19103F-16F7-4668-BE54-9A1E7A4F7556}") = "XSSProtection", "XSSProtection\Files\XSSProtection.csproj", "{9B343767-6AAE-4E4A-8E1C-C06FE3CAA10F}"
EndProject
Global
	GlobalSection(SolutionConfigurationPlatforms) = preSolution
		Debug|Any CPU = Debug|Any CPU
		Release|Any CPU = Release|Any CPU
	EndGlobalSection
	GlobalSection(ProjectConfigurationPlatforms) = postSolution
		{9982D2E0-B860-45E4-B380-193C51781BFA}.Debug|Any CPU.ActiveCfg = Debug|Any CPU
		{9982D2E0-B860-45E4-B380-193C51781BFA}.Debug|Any CPU.Build.0 = Debug|Any CPU
		{9982D2E0-B860-45E4-B380-193C51781BFA}.Release|Any CPU.ActiveCfg = Release|Any CPU
		{9982D2E0-B860-45E4-B380-193C51781BFA}.Release|Any CPU.Build.0 = Release|Any CPU
		{94880640-62F8-4407-A7F6-1E641448D247}.Debug|Any CPU.ActiveCfg = Debug|Any CPU
		{94880640-62F8-4407-A7F6-1E641448D247}.Debug|Any CPU.Build.0 = Debug|Any CPU
		{94880640-62F8-4407-A7F6-1E641448D247}.Release|Any CPU.ActiveCfg = Release|Any CPU
		{94880640-62F8-4407-A7F6-1E641448D247}.Release|Any CPU.Build.0 = Release|Any CPU
		{3B04739D-07F0-416A-809E-24EBC05E4700}.Debug|Any CPU.ActiveCfg = Debug|Any CPU
		{3B04739D-07F0-416A-809E-24EBC05E4700}.Debug|Any CPU.Build.0 = Debug|Any CPU
		{3B04739D-07F0-416A-809E-24EBC05E4700}.Release|Any CPU.ActiveCfg = Release|Any CPU
		{3B04739D-07F0-416A-809E-24EBC05E4700}.Release|Any CPU.Build.0 = Release|Any CPU
		{47848FE6-445D-45ED-9E20-2068E99EE8DC}.Debug|Any CPU.ActiveCfg = Debug|Any CPU
		{47848FE6-445D-45ED-9E20-2068E99EE8DC}.Debug|Any CPU.Build.0 = Debug|Any CPU
		{47848FE6-445D-45ED-9E20-2068E99EE8DC}.Release|Any CPU.ActiveCfg = Release|Any CPU
		{47848FE6-445D-45ED-9E20-2068E99EE8DC}.Release|Any CPU.Build.0 = Release|Any CPU
		{81101BEF-19E1-4001-B3F5-8D126B7ED41E}.Debug|Any CPU.ActiveCfg = Debug|Any CPU
		{81101BEF-19E1-4001-B3F5-8D126B7ED41E}.Debug|Any CPU.Build.0 = Debug|Any CPU
		{81101BEF-19E1-4001-B3F5-8D126B7ED41E}.Release|Any CPU.ActiveCfg = Release|Any CPU
		{81101BEF-19E1-4001-B3F5-8D126B7ED41E}.Release|Any CPU.Build.0 = Release|Any CPU
		{DF5652D4-8BA9-45CD-9A1E-46D66FE382F9}.Debug|Any CPU.ActiveCfg = Debug|Any CPU
		{DF5652D4-8BA9-45CD-9A1E-46D66FE382F9}.Debug|Any CPU.Build.0 = Debug|Any CPU
		{DF5652D4-8BA9-45CD-9A1E-46D66FE382F9}.Release|Any CPU.ActiveCfg = Release|Any CPU
		{DF5652D4-8BA9-45CD-9A1E-46D66FE382F9}.Release|Any CPU.Build.0 = Release|Any CPU
		{307FE2C9-F63D-45E3-9C39-365120D14662}.Debug|Any CPU.ActiveCfg = Debug|Any CPU
		{307FE2C9-F63D-45E3-9C39-365120D14662}.Debug|Any CPU.Build.0 = Debug|Any CPU
		{307FE2C9-F63D-45E3-9C39-365120D14662}.Release|Any CPU.ActiveCfg = Release|Any CPU
		{307FE2C9-F63D-45E3-9C39-365120D14662}.Release|Any CPU.Build.0 = Release|Any CPU
		{314300F1-AA62-4AF1-9F1A-66A49DE54A85}.Debug|Any CPU.ActiveCfg = Debug|Any CPU
		{314300F1-AA62-4AF1-9F1A-66A49DE54A85}.Debug|Any CPU.Build.0 = Debug|Any CPU
		{314300F1-AA62-4AF1-9F1A-66A49DE54A85}.Release|Any CPU.ActiveCfg = Release|Any CPU
		{314300F1-AA62-4AF1-9F1A-66A49DE54A85}.Release|Any CPU.Build.0 = Release|Any CPU
		{247A2158-4B9B-44B9-8DB4-DE3850A1D993}.Debug|Any CPU.ActiveCfg = Debug|Any CPU
		{247A2158-4B9B-44B9-8DB4-DE3850A1D993}.Debug|Any CPU.Build.0 = Debug|Any CPU
		{247A2158-4B9B-44B9-8DB4-DE3850A1D993}.Release|Any CPU.ActiveCfg = Release|Any CPU
		{247A2158-4B9B-44B9-8DB4-DE3850A1D993}.Release|Any CPU.Build.0 = Release|Any CPU
		{53002B6E-90F9-4F21-87BD-4E20930C202F}.Debug|Any CPU.ActiveCfg = Debug|Any CPU
		{53002B6E-90F9-4F21-87BD-4E20930C202F}.Debug|Any CPU.Build.0 = Debug|Any CPU
		{53002B6E-90F9-4F21-87BD-4E20930C202F}.Release|Any CPU.ActiveCfg = Release|Any CPU
		{53002B6E-90F9-4F21-87BD-4E20930C202F}.Release|Any CPU.Build.0 = Release|Any CPU
		{B840F0E1-7535-4640-A3DE-4604F1799D55}.Debug|Any CPU.ActiveCfg = Debug|Any CPU
		{B840F0E1-7535-4640-A3DE-4604F1799D55}.Debug|Any CPU.Build.0 = Debug|Any CPU
		{B840F0E1-7535-4640-A3DE-4604F1799D55}.Release|Any CPU.ActiveCfg = Release|Any CPU
		{B840F0E1-7535-4640-A3DE-4604F1799D55}.Release|Any CPU.Build.0 = Release|Any CPU
		{B821AB59-2CB2-447F-8F3A-0B68FAA0A0F3}.Debug|Any CPU.ActiveCfg = Debug|Any CPU
		{B821AB59-2CB2-447F-8F3A-0B68FAA0A0F3}.Debug|Any CPU.Build.0 = Debug|Any CPU
		{B821AB59-2CB2-447F-8F3A-0B68FAA0A0F3}.Release|Any CPU.ActiveCfg = Release|Any CPU
		{B821AB59-2CB2-447F-8F3A-0B68FAA0A0F3}.Release|Any CPU.Build.0 = Release|Any CPU
		{582438CD-6C83-45EF-9F8F-896AA18922B3}.Debug|Any CPU.ActiveCfg = Debug|Any CPU
		{582438CD-6C83-45EF-9F8F-896AA18922B3}.Debug|Any CPU.Build.0 = Debug|Any CPU
		{582438CD-6C83-45EF-9F8F-896AA18922B3}.Release|Any CPU.ActiveCfg = Release|Any CPU
		{582438CD-6C83-45EF-9F8F-896AA18922B3}.Release|Any CPU.Build.0 = Release|Any CPU
		{4FA510D8-E934-4637-AC66-A6EA55976888}.Debug|Any CPU.ActiveCfg = Debug|Any CPU
		{4FA510D8-E934-4637-AC66-A6EA55976888}.Debug|Any CPU.Build.0 = Debug|Any CPU
		{4FA510D8-E934-4637-AC66-A6EA55976888}.Release|Any CPU.ActiveCfg = Release|Any CPU
		{4FA510D8-E934-4637-AC66-A6EA55976888}.Release|Any CPU.Build.0 = Release|Any CPU
		{95BB37CC-9F05-4FE7-8E1A-891F677389BD}.Debug|Any CPU.ActiveCfg = Debug|Any CPU
		{95BB37CC-9F05-4FE7-8E1A-891F677389BD}.Debug|Any CPU.Build.0 = Debug|Any CPU
		{95BB37CC-9F05-4FE7-8E1A-891F677389BD}.Release|Any CPU.ActiveCfg = Release|Any CPU
		{95BB37CC-9F05-4FE7-8E1A-891F677389BD}.Release|Any CPU.Build.0 = Release|Any CPU
		{E0364779-8D97-4090-8911-6BF1C5584F44}.Debug|Any CPU.ActiveCfg = Debug|Any CPU
		{E0364779-8D97-4090-8911-6BF1C5584F44}.Debug|Any CPU.Build.0 = Debug|Any CPU
		{E0364779-8D97-4090-8911-6BF1C5584F44}.Release|Any CPU.ActiveCfg = Release|Any CPU
		{E0364779-8D97-4090-8911-6BF1C5584F44}.Release|Any CPU.Build.0 = Release|Any CPU
		{10B2B10E-AEA8-4AF1-9646-BCD1DD98A2E8}.Debug|Any CPU.ActiveCfg = Debug|Any CPU
		{10B2B10E-AEA8-4AF1-9646-BCD1DD98A2E8}.Debug|Any CPU.Build.0 = Debug|Any CPU
		{10B2B10E-AEA8-4AF1-9646-BCD1DD98A2E8}.Release|Any CPU.ActiveCfg = Release|Any CPU
		{10B2B10E-AEA8-4AF1-9646-BCD1DD98A2E8}.Release|Any CPU.Build.0 = Release|Any CPU
		{B1BC4B87-029A-4F08-9E7A-46290700722E}.Debug|Any CPU.ActiveCfg = Debug|Any CPU
		{B1BC4B87-029A-4F08-9E7A-46290700722E}.Debug|Any CPU.Build.0 = Debug|Any CPU
		{B1BC4B87-029A-4F08-9E7A-46290700722E}.Release|Any CPU.ActiveCfg = Release|Any CPU
		{B1BC4B87-029A-4F08-9E7A-46290700722E}.Release|Any CPU.Build.0 = Release|Any CPU
		{A362200E-4857-452A-9310-17C5455BE55F}.Debug|Any CPU.ActiveCfg = Debug|Any CPU
		{A362200E-4857-452A-9310-17C5455BE55F}.Debug|Any CPU.Build.0 = Debug|Any CPU
		{A362200E-4857-452A-9310-17C5455BE55F}.Release|Any CPU.ActiveCfg = Release|Any CPU
		{A362200E-4857-452A-9310-17C5455BE55F}.Release|Any CPU.Build.0 = Release|Any CPU
		{5B428C6A-E12F-412C-8149-1C7FE074C028}.Debug|Any CPU.ActiveCfg = Debug|Any CPU
		{5B428C6A-E12F-412C-8149-1C7FE074C028}.Debug|Any CPU.Build.0 = Debug|Any CPU
		{5B428C6A-E12F-412C-8149-1C7FE074C028}.Release|Any CPU.ActiveCfg = Release|Any CPU
		{5B428C6A-E12F-412C-8149-1C7FE074C028}.Release|Any CPU.Build.0 = Release|Any CPU
		{7DE074CB-83E7-441D-9C1F-D0C175515A92}.Debug|Any CPU.ActiveCfg = Debug|Any CPU
		{7DE074CB-83E7-441D-9C1F-D0C175515A92}.Debug|Any CPU.Build.0 = Debug|Any CPU
		{7DE074CB-83E7-441D-9C1F-D0C175515A92}.Release|Any CPU.ActiveCfg = Release|Any CPU
		{7DE074CB-83E7-441D-9C1F-D0C175515A92}.Release|Any CPU.Build.0 = Release|Any CPU
		{5508D596-F16B-4444-A779-BD463D0D5B2C}.Debug|Any CPU.ActiveCfg = Debug|Any CPU
		{5508D596-F16B-4444-A779-BD463D0D5B2C}.Debug|Any CPU.Build.0 = Debug|Any CPU
		{5508D596-F16B-4444-A779-BD463D0D5B2C}.Release|Any CPU.ActiveCfg = Release|Any CPU
		{5508D596-F16B-4444-A779-BD463D0D5B2C}.Release|Any CPU.Build.0 = Release|Any CPU
		{3BA9AC60-857D-499B-B079-F760398BC2FF}.Debug|Any CPU.ActiveCfg = Debug|Any CPU
		{3BA9AC60-857D-499B-B079-F760398BC2FF}.Debug|Any CPU.Build.0 = Debug|Any CPU
		{3BA9AC60-857D-499B-B079-F760398BC2FF}.Release|Any CPU.ActiveCfg = Release|Any CPU
		{3BA9AC60-857D-499B-B079-F760398BC2FF}.Release|Any CPU.Build.0 = Release|Any CPU
		{276EEC45-D8E2-41EE-A2C0-8A99DAD67990}.Debug|Any CPU.ActiveCfg = Debug|Any CPU
		{276EEC45-D8E2-41EE-A2C0-8A99DAD67990}.Debug|Any CPU.Build.0 = Debug|Any CPU
		{276EEC45-D8E2-41EE-A2C0-8A99DAD67990}.Release|Any CPU.ActiveCfg = Release|Any CPU
		{276EEC45-D8E2-41EE-A2C0-8A99DAD67990}.Release|Any CPU.Build.0 = Release|Any CPU
		{93D3E33A-1BDE-4A87-8603-AD1209F44805}.Debug|Any CPU.ActiveCfg = Debug|Any CPU
		{93D3E33A-1BDE-4A87-8603-AD1209F44805}.Debug|Any CPU.Build.0 = Debug|Any CPU
		{93D3E33A-1BDE-4A87-8603-AD1209F44805}.Release|Any CPU.ActiveCfg = Release|Any CPU
		{93D3E33A-1BDE-4A87-8603-AD1209F44805}.Release|Any CPU.Build.0 = Release|Any CPU
		{39D36A14-28B4-43DD-A407-A1F99CB3421D}.Debug|Any CPU.ActiveCfg = Debug|Any CPU
		{39D36A14-28B4-43DD-A407-A1F99CB3421D}.Debug|Any CPU.Build.0 = Debug|Any CPU
		{39D36A14-28B4-43DD-A407-A1F99CB3421D}.Release|Any CPU.ActiveCfg = Release|Any CPU
		{39D36A14-28B4-43DD-A407-A1F99CB3421D}.Release|Any CPU.Build.0 = Release|Any CPU
		{63E032C4-A7CA-4E23-80A4-1139A5543677}.Debug|Any CPU.ActiveCfg = Debug|Any CPU
		{63E032C4-A7CA-4E23-80A4-1139A5543677}.Debug|Any CPU.Build.0 = Debug|Any CPU
		{63E032C4-A7CA-4E23-80A4-1139A5543677}.Release|Any CPU.ActiveCfg = Release|Any CPU
		{63E032C4-A7CA-4E23-80A4-1139A5543677}.Release|Any CPU.Build.0 = Release|Any CPU
		{D7360DBB-F90B-47A9-881E-F50F30F2FB87}.Debug|Any CPU.ActiveCfg = Debug|Any CPU
		{D7360DBB-F90B-47A9-881E-F50F30F2FB87}.Debug|Any CPU.Build.0 = Debug|Any CPU
		{D7360DBB-F90B-47A9-881E-F50F30F2FB87}.Release|Any CPU.ActiveCfg = Release|Any CPU
		{D7360DBB-F90B-47A9-881E-F50F30F2FB87}.Release|Any CPU.Build.0 = Release|Any CPU
		{53DFD6F4-A670-40AC-B6C6-1D08C0F5FC1E}.Debug|Any CPU.ActiveCfg = Debug|Any CPU
		{53DFD6F4-A670-40AC-B6C6-1D08C0F5FC1E}.Debug|Any CPU.Build.0 = Debug|Any CPU
		{53DFD6F4-A670-40AC-B6C6-1D08C0F5FC1E}.Release|Any CPU.ActiveCfg = Release|Any CPU
		{53DFD6F4-A670-40AC-B6C6-1D08C0F5FC1E}.Release|Any CPU.Build.0 = Release|Any CPU
		{D3098562-947E-4BD5-9CDD-CC0BB4BB3081}.Debug|Any CPU.ActiveCfg = Debug|Any CPU
		{D3098562-947E-4BD5-9CDD-CC0BB4BB3081}.Debug|Any CPU.Build.0 = Debug|Any CPU
		{D3098562-947E-4BD5-9CDD-CC0BB4BB3081}.Release|Any CPU.ActiveCfg = Release|Any CPU
		{D3098562-947E-4BD5-9CDD-CC0BB4BB3081}.Release|Any CPU.Build.0 = Release|Any CPU
		{430EC3D2-C236-4F5B-848C-9CE47F667EA4}.Debug|Any CPU.ActiveCfg = Debug|Any CPU
		{430EC3D2-C236-4F5B-848C-9CE47F667EA4}.Debug|Any CPU.Build.0 = Debug|Any CPU
		{430EC3D2-C236-4F5B-848C-9CE47F667EA4}.Release|Any CPU.ActiveCfg = Release|Any CPU
		{430EC3D2-C236-4F5B-848C-9CE47F667EA4}.Release|Any CPU.Build.0 = Release|Any CPU
		{6CF43962-0D69-448D-914F-874FA2E2D8E4}.Debug|Any CPU.ActiveCfg = Debug|Any CPU
		{6CF43962-0D69-448D-914F-874FA2E2D8E4}.Debug|Any CPU.Build.0 = Debug|Any CPU
		{6CF43962-0D69-448D-914F-874FA2E2D8E4}.Release|Any CPU.ActiveCfg = Release|Any CPU
		{6CF43962-0D69-448D-914F-874FA2E2D8E4}.Release|Any CPU.Build.0 = Release|Any CPU
		{DF0150ED-526F-4D21-94CF-939C3262F28D}.Debug|Any CPU.ActiveCfg = Debug|Any CPU
		{DF0150ED-526F-4D21-94CF-939C3262F28D}.Debug|Any CPU.Build.0 = Debug|Any CPU
		{DF0150ED-526F-4D21-94CF-939C3262F28D}.Release|Any CPU.ActiveCfg = Release|Any CPU
		{DF0150ED-526F-4D21-94CF-939C3262F28D}.Release|Any CPU.Build.0 = Release|Any CPU
		{7478C76A-7A3B-4D3B-97E2-7BA65C510036}.Debug|Any CPU.ActiveCfg = Debug|Any CPU
		{7478C76A-7A3B-4D3B-97E2-7BA65C510036}.Debug|Any CPU.Build.0 = Debug|Any CPU
		{7478C76A-7A3B-4D3B-97E2-7BA65C510036}.Release|Any CPU.ActiveCfg = Release|Any CPU
		{7478C76A-7A3B-4D3B-97E2-7BA65C510036}.Release|Any CPU.Build.0 = Release|Any CPU
		{F44C4B1A-FFC7-4B85-899D-4F7825878A7C}.Debug|Any CPU.ActiveCfg = Debug|Any CPU
		{F44C4B1A-FFC7-4B85-899D-4F7825878A7C}.Debug|Any CPU.Build.0 = Debug|Any CPU
		{F44C4B1A-FFC7-4B85-899D-4F7825878A7C}.Release|Any CPU.ActiveCfg = Release|Any CPU
		{F44C4B1A-FFC7-4B85-899D-4F7825878A7C}.Release|Any CPU.Build.0 = Release|Any CPU
		{50D0A4DA-4538-41CE-A30B-2D65A919C3AB}.Debug|Any CPU.ActiveCfg = Debug|Any CPU
		{50D0A4DA-4538-41CE-A30B-2D65A919C3AB}.Debug|Any CPU.Build.0 = Debug|Any CPU
		{50D0A4DA-4538-41CE-A30B-2D65A919C3AB}.Release|Any CPU.ActiveCfg = Release|Any CPU
		{50D0A4DA-4538-41CE-A30B-2D65A919C3AB}.Release|Any CPU.Build.0 = Release|Any CPU
		{568AFA84-9EE3-4F93-9415-B60341DF9002}.Debug|Any CPU.ActiveCfg = Debug|Any CPU
		{568AFA84-9EE3-4F93-9415-B60341DF9002}.Debug|Any CPU.Build.0 = Debug|Any CPU
		{568AFA84-9EE3-4F93-9415-B60341DF9002}.Release|Any CPU.ActiveCfg = Release|Any CPU
		{568AFA84-9EE3-4F93-9415-B60341DF9002}.Release|Any CPU.Build.0 = Release|Any CPU
		{EE23C60D-6C3F-4CE1-A598-3B4689212D9F}.Debug|Any CPU.ActiveCfg = Debug|Any CPU
		{EE23C60D-6C3F-4CE1-A598-3B4689212D9F}.Debug|Any CPU.Build.0 = Debug|Any CPU
		{EE23C60D-6C3F-4CE1-A598-3B4689212D9F}.Release|Any CPU.ActiveCfg = Release|Any CPU
		{EE23C60D-6C3F-4CE1-A598-3B4689212D9F}.Release|Any CPU.Build.0 = Release|Any CPU
		{3F916F6B-CEAE-4087-8416-A1ED992106E9}.Debug|Any CPU.ActiveCfg = Debug|Any CPU
		{3F916F6B-CEAE-4087-8416-A1ED992106E9}.Debug|Any CPU.Build.0 = Debug|Any CPU
		{3F916F6B-CEAE-4087-8416-A1ED992106E9}.Release|Any CPU.ActiveCfg = Release|Any CPU
		{3F916F6B-CEAE-4087-8416-A1ED992106E9}.Release|Any CPU.Build.0 = Release|Any CPU
		{22FD9346-00AD-440F-B8FC-B1E2D6719502}.Debug|Any CPU.ActiveCfg = Debug|Any CPU
		{22FD9346-00AD-440F-B8FC-B1E2D6719502}.Debug|Any CPU.Build.0 = Debug|Any CPU
		{22FD9346-00AD-440F-B8FC-B1E2D6719502}.Release|Any CPU.ActiveCfg = Release|Any CPU
		{22FD9346-00AD-440F-B8FC-B1E2D6719502}.Release|Any CPU.Build.0 = Release|Any CPU
		{9B343767-6AAE-4E4A-8E1C-C06FE3CAA10F}.Debug|Any CPU.ActiveCfg = Debug|Any CPU
		{9B343767-6AAE-4E4A-8E1C-C06FE3CAA10F}.Debug|Any CPU.Build.0 = Debug|Any CPU
		{9B343767-6AAE-4E4A-8E1C-C06FE3CAA10F}.Release|Any CPU.ActiveCfg = Release|Any CPU
		{9B343767-6AAE-4E4A-8E1C-C06FE3CAA10F}.Release|Any CPU.Build.0 = Release|Any CPU
	EndGlobalSection
	GlobalSection(SolutionProperties) = preSolution
		HideSolutionNode = FALSE
	EndGlobalSection
	GlobalSection(NestedProjects) = preSolution
		{9982D2E0-B860-45E4-B380-193C51781BFA} = {E191D175-99DB-40B7-A399-B91643BF9C00}
		{94880640-62F8-4407-A7F6-1E641448D247} = {70BF0835-1B35-47FB-9A78-19FD4F53DEA2}
		{3B04739D-07F0-416A-809E-24EBC05E4700} = {4BB9DA3C-D618-4547-9AD1-C78AEF2F92D3}
		{47848FE6-445D-45ED-9E20-2068E99EE8DC} = {D7C2AC9C-A465-4857-B405-FD97622EBFF3}
		{81101BEF-19E1-4001-B3F5-8D126B7ED41E} = {4FEFEC4A-12CA-49CA-B3F2-8A2C37C275F5}
		{DF5652D4-8BA9-45CD-9A1E-46D66FE382F9} = {F6F3E34C-F310-4B11-B03B-80C870EE9253}
		{307FE2C9-F63D-45E3-9C39-365120D14662} = {AFD0AFBE-2C7A-4710-ACC9-18B7554B95D7}
		{314300F1-AA62-4AF1-9F1A-66A49DE54A85} = {A6656353-AA00-4D1C-BEB4-924B81F15C35}
		{247A2158-4B9B-44B9-8DB4-DE3850A1D993} = {BA059E0E-F3A1-4860-B71B-1461421D2EA5}
		{53002B6E-90F9-4F21-87BD-4E20930C202F} = {329F52BB-2242-42C6-AF68-95916FACBA1D}
		{B840F0E1-7535-4640-A3DE-4604F1799D55} = {DE061AFE-3B5E-444E-B063-71C7F4C142D1}
		{B821AB59-2CB2-447F-8F3A-0B68FAA0A0F3} = {0F66D001-EAEE-4B46-8F70-202C89C28152}
		{582438CD-6C83-45EF-9F8F-896AA18922B3} = {53861D8C-6AA0-4EE6-A948-52DE4D6BB2EB}
		{4FA510D8-E934-4637-AC66-A6EA55976888} = {1A1FB21B-1DBE-4C2B-BF1F-ED27A2220649}
		{95BB37CC-9F05-4FE7-8E1A-891F677389BD} = {6EF400EC-B052-40B2-A05E-A1B22E583735}
		{E0364779-8D97-4090-8911-6BF1C5584F44} = {370D9489-2EE3-4FDE-946E-28D14E7ECA13}
		{10B2B10E-AEA8-4AF1-9646-BCD1DD98A2E8} = {A4B20FC8-CED7-4191-9FFC-E3F3AA514924}
		{B1BC4B87-029A-4F08-9E7A-46290700722E} = {0E53281D-EEB1-4616-BF4D-7F39361C15BA}
		{A362200E-4857-452A-9310-17C5455BE55F} = {7020EACD-1D25-46FF-B161-A296522CF5D3}
		{5B428C6A-E12F-412C-8149-1C7FE074C028} = {BC4221C4-D814-4E19-B453-B4C23DEB9D06}
		{7DE074CB-83E7-441D-9C1F-D0C175515A92} = {4603E184-FB8B-4E55-AD59-D79AA455F6D4}
		{5508D596-F16B-4444-A779-BD463D0D5B2C} = {0BABCFA6-5379-41DE-9377-E4C500495170}
		{3BA9AC60-857D-499B-B079-F760398BC2FF} = {08917B0C-4A0D-4E2F-BD89-56329F71CB69}
		{276EEC45-D8E2-41EE-A2C0-8A99DAD67990} = {12819150-5C24-4B0D-9E13-08D4B5C641A3}
		{93D3E33A-1BDE-4A87-8603-AD1209F44805} = {51232592-0A42-4C85-BA99-3F7DE5C49B30}
		{39D36A14-28B4-43DD-A407-A1F99CB3421D} = {4F690106-7EB8-46EB-8552-1D10EA2E7AD7}
		{63E032C4-A7CA-4E23-80A4-1139A5543677} = {B87B71B2-3D51-4A14-8BDE-1987BC067F86}
		{D7360DBB-F90B-47A9-881E-F50F30F2FB87} = {159C92E7-00C5-408F-B628-64099A4B3343}
		{53DFD6F4-A670-40AC-B6C6-1D08C0F5FC1E} = {A437CD05-0CA5-42D7-A769-402F2806F90E}
		{D3098562-947E-4BD5-9CDD-CC0BB4BB3081} = {1602C530-1127-44BB-A591-93425D64EADA}
		{430EC3D2-C236-4F5B-848C-9CE47F667EA4} = {9DBA95C4-251C-467A-A3A4-DB0BB18F2DCF}
		{6CF43962-0D69-448D-914F-874FA2E2D8E4} = {581A323D-39A8-4C64-AA68-4DEE82365021}
		{DF0150ED-526F-4D21-94CF-939C3262F28D} = {BF6E12EC-7B6C-430D-ADF5-2AD78A31A214}
		{7478C76A-7A3B-4D3B-97E2-7BA65C510036} = {AEEC5994-F284-4E85-937F-9D8A7F3428C8}
		{F44C4B1A-FFC7-4B85-899D-4F7825878A7C} = {645ABA73-AFB5-41A1-A372-30DABD76B4D9}
		{50D0A4DA-4538-41CE-A30B-2D65A919C3AB} = {00CAD125-9A7A-4869-87B3-F00361646C88}
		{568AFA84-9EE3-4F93-9415-B60341DF9002} = {B8D6C860-A168-4ADA-AE32-8B62CBEE5472}
		{EE23C60D-6C3F-4CE1-A598-3B4689212D9F} = {6BEABA1E-664C-411E-AE3B-B8F71D0FD0B4}
		{3F916F6B-CEAE-4087-8416-A1ED992106E9} = {D32FB567-E022-409F-8F96-D14991D97C91}
		{22FD9346-00AD-440F-B8FC-B1E2D6719502} = {09FC1281-7453-4C68-9B08-F3A170E37937}
		{9B343767-6AAE-4E4A-8E1C-C06FE3CAA10F} = {B71B724C-48D4-4C2F-991C-1BC2D59AD2F4}
	EndGlobalSection
	GlobalSection(ExtensibilityGlobals) = postSolution
		SolutionGuid = {6C74632C-672E-4748-8A29-CF8418A7F046}
	EndGlobalSection
EndGlobal
